// !$*UTF8*$!
{
	archiveVersion = 1;
	classes = {
	};
	objectVersion = 56;
	objects = {

/* Begin PBXBuildFile section */
		FD5E19922B03444600B6CEB6 /* RainbowApp.swift in Sources */ = {isa = PBXBuildFile; fileRef = FD5E19912B03444600B6CEB6 /* RainbowApp.swift */; };
		FD5E19962B03444600B6CEB6 /* Assets.xcassets in Resources */ = {isa = PBXBuildFile; fileRef = FD5E19952B03444600B6CEB6 /* Assets.xcassets */; };
		FD5E19992B03444600B6CEB6 /* Preview Assets.xcassets in Resources */ = {isa = PBXBuildFile; fileRef = FD5E19982B03444600B6CEB6 /* Preview Assets.xcassets */; };
		FD5E19A02B03446600B6CEB6 /* Settings.swift in Sources */ = {isa = PBXBuildFile; fileRef = FD5E199F2B03446600B6CEB6 /* Settings.swift */; };
		FD5E19A32B03450B00B6CEB6 /* DataManager.swift in Sources */ = {isa = PBXBuildFile; fileRef = FD5E19A22B03450B00B6CEB6 /* DataManager.swift */; };
		FD5E19A62B0345F900B6CEB6 /* SettingsView.swift in Sources */ = {isa = PBXBuildFile; fileRef = FD5E19A52B0345F900B6CEB6 /* SettingsView.swift */; };
		FD5E19AE2B0346E000B6CEB6 /* Extension + Color.swift in Sources */ = {isa = PBXBuildFile; fileRef = FD5E19AD2B0346E000B6CEB6 /* Extension + Color.swift */; };
		FD5E19B12B03481200B6CEB6 /* SettingItem.swift in Sources */ = {isa = PBXBuildFile; fileRef = FD5E19B02B03481200B6CEB6 /* SettingItem.swift */; };
		FD5E19B42B034DC000B6CEB6 /* Extension + Font.swift in Sources */ = {isa = PBXBuildFile; fileRef = FD5E19B32B034DC000B6CEB6 /* Extension + Font.swift */; };
		FD5E19B82B0351C400B6CEB6 /* MainScreen.swift in Sources */ = {isa = PBXBuildFile; fileRef = FD5E19B72B0351C400B6CEB6 /* MainScreen.swift */; };
		FD5E19BB2B035B4600B6CEB6 /* MainNavigationButton.swift in Sources */ = {isa = PBXBuildFile; fileRef = FD5E19BA2B035B4600B6CEB6 /* MainNavigationButton.swift */; };
		FD5E19BE2B035F3000B6CEB6 /* RulesView.swift in Sources */ = {isa = PBXBuildFile; fileRef = FD5E19BD2B035F3000B6CEB6 /* RulesView.swift */; };
		FD5E19C12B0367F600B6CEB6 /* StatisticsView.swift in Sources */ = {isa = PBXBuildFile; fileRef = FD5E19C02B0367F600B6CEB6 /* StatisticsView.swift */; };
		FD5E19C42B03683700B6CEB6 /* Statistics.swift in Sources */ = {isa = PBXBuildFile; fileRef = FD5E19C32B03683700B6CEB6 /* Statistics.swift */; };
		FD5E19C62B0369A300B6CEB6 /* StatisticsItem.swift in Sources */ = {isa = PBXBuildFile; fileRef = FD5E19C52B0369A300B6CEB6 /* StatisticsItem.swift */; };
		FD5E19C82B036A4300B6CEB6 /* Extension + PreviewProvider.swift in Sources */ = {isa = PBXBuildFile; fileRef = FD5E19C72B036A4300B6CEB6 /* Extension + PreviewProvider.swift */; };
		FD5E19CA2B03D58B00B6CEB6 /* MainScreenViewModel.swift in Sources */ = {isa = PBXBuildFile; fileRef = FD5E19C92B03D58B00B6CEB6 /* MainScreenViewModel.swift */; };
		FD5E19CC2B04FBEB00B6CEB6 /* GameView.swift in Sources */ = {isa = PBXBuildFile; fileRef = FD5E19CB2B04FBEB00B6CEB6 /* GameView.swift */; };
		FD5E19CF2B04FC0D00B6CEB6 /* QuestionItem.swift in Sources */ = {isa = PBXBuildFile; fileRef = FD5E19CE2B04FC0D00B6CEB6 /* QuestionItem.swift */; };
		FD5E19D12B050ECA00B6CEB6 /* GameViewModel.swift in Sources */ = {isa = PBXBuildFile; fileRef = FD5E19D02B050ECA00B6CEB6 /* GameViewModel.swift */; };
		FD5E19D32B05202E00B6CEB6 /* Extension + ShapeStyle.swift in Sources */ = {isa = PBXBuildFile; fileRef = FD5E19D22B05202E00B6CEB6 /* Extension + ShapeStyle.swift */; };
/* End PBXBuildFile section */

/* Begin PBXFileReference section */
		FD5E198E2B03444600B6CEB6 /* Rainbow.app */ = {isa = PBXFileReference; explicitFileType = wrapper.application; includeInIndex = 0; path = Rainbow.app; sourceTree = BUILT_PRODUCTS_DIR; };
		FD5E19912B03444600B6CEB6 /* RainbowApp.swift */ = {isa = PBXFileReference; lastKnownFileType = sourcecode.swift; path = RainbowApp.swift; sourceTree = "<group>"; };
		FD5E19952B03444600B6CEB6 /* Assets.xcassets */ = {isa = PBXFileReference; lastKnownFileType = folder.assetcatalog; path = Assets.xcassets; sourceTree = "<group>"; };
		FD5E19982B03444600B6CEB6 /* Preview Assets.xcassets */ = {isa = PBXFileReference; lastKnownFileType = folder.assetcatalog; path = "Preview Assets.xcassets"; sourceTree = "<group>"; };
		FD5E199F2B03446600B6CEB6 /* Settings.swift */ = {isa = PBXFileReference; lastKnownFileType = sourcecode.swift; path = Settings.swift; sourceTree = "<group>"; };
		FD5E19A22B03450B00B6CEB6 /* DataManager.swift */ = {isa = PBXFileReference; lastKnownFileType = sourcecode.swift; path = DataManager.swift; sourceTree = "<group>"; };
		FD5E19A52B0345F900B6CEB6 /* SettingsView.swift */ = {isa = PBXFileReference; lastKnownFileType = sourcecode.swift; path = SettingsView.swift; sourceTree = "<group>"; };
		FD5E19AD2B0346E000B6CEB6 /* Extension + Color.swift */ = {isa = PBXFileReference; lastKnownFileType = sourcecode.swift; path = "Extension + Color.swift"; sourceTree = "<group>"; };
		FD5E19B02B03481200B6CEB6 /* SettingItem.swift */ = {isa = PBXFileReference; lastKnownFileType = sourcecode.swift; path = SettingItem.swift; sourceTree = "<group>"; };
		FD5E19B32B034DC000B6CEB6 /* Extension + Font.swift */ = {isa = PBXFileReference; lastKnownFileType = sourcecode.swift; path = "Extension + Font.swift"; sourceTree = "<group>"; };
		FD5E19B72B0351C400B6CEB6 /* MainScreen.swift */ = {isa = PBXFileReference; lastKnownFileType = sourcecode.swift; path = MainScreen.swift; sourceTree = "<group>"; };
		FD5E19BA2B035B4600B6CEB6 /* MainNavigationButton.swift */ = {isa = PBXFileReference; lastKnownFileType = sourcecode.swift; path = MainNavigationButton.swift; sourceTree = "<group>"; };
		FD5E19BD2B035F3000B6CEB6 /* RulesView.swift */ = {isa = PBXFileReference; lastKnownFileType = sourcecode.swift; path = RulesView.swift; sourceTree = "<group>"; };
		FD5E19C02B0367F600B6CEB6 /* StatisticsView.swift */ = {isa = PBXFileReference; lastKnownFileType = sourcecode.swift; path = StatisticsView.swift; sourceTree = "<group>"; };
		FD5E19C32B03683700B6CEB6 /* Statistics.swift */ = {isa = PBXFileReference; lastKnownFileType = sourcecode.swift; path = Statistics.swift; sourceTree = "<group>"; };
		FD5E19C52B0369A300B6CEB6 /* StatisticsItem.swift */ = {isa = PBXFileReference; lastKnownFileType = sourcecode.swift; path = StatisticsItem.swift; sourceTree = "<group>"; };
		FD5E19C72B036A4300B6CEB6 /* Extension + PreviewProvider.swift */ = {isa = PBXFileReference; lastKnownFileType = sourcecode.swift; path = "Extension + PreviewProvider.swift"; sourceTree = "<group>"; };
		FD5E19C92B03D58B00B6CEB6 /* MainScreenViewModel.swift */ = {isa = PBXFileReference; lastKnownFileType = sourcecode.swift; path = MainScreenViewModel.swift; sourceTree = "<group>"; };
		FD5E19CB2B04FBEB00B6CEB6 /* GameView.swift */ = {isa = PBXFileReference; lastKnownFileType = sourcecode.swift; path = GameView.swift; sourceTree = "<group>"; };
		FD5E19CE2B04FC0D00B6CEB6 /* QuestionItem.swift */ = {isa = PBXFileReference; lastKnownFileType = sourcecode.swift; path = QuestionItem.swift; sourceTree = "<group>"; };
		FD5E19D02B050ECA00B6CEB6 /* GameViewModel.swift */ = {isa = PBXFileReference; lastKnownFileType = sourcecode.swift; path = GameViewModel.swift; sourceTree = "<group>"; };
		FD5E19D22B05202E00B6CEB6 /* Extension + ShapeStyle.swift */ = {isa = PBXFileReference; lastKnownFileType = sourcecode.swift; path = "Extension + ShapeStyle.swift"; sourceTree = "<group>"; };
/* End PBXFileReference section */

/* Begin PBXFrameworksBuildPhase section */
		FD5E198B2B03444600B6CEB6 /* Frameworks */ = {
			isa = PBXFrameworksBuildPhase;
			buildActionMask = 2147483647;
			files = (
			);
			runOnlyForDeploymentPostprocessing = 0;
		};
/* End PBXFrameworksBuildPhase section */

/* Begin PBXGroup section */
		FD5E19852B03444600B6CEB6 = {
			isa = PBXGroup;
			children = (
				FD5E19902B03444600B6CEB6 /* Rainbow */,
				FD5E198F2B03444600B6CEB6 /* Products */,
			);
			sourceTree = "<group>";
		};
		FD5E198F2B03444600B6CEB6 /* Products */ = {
			isa = PBXGroup;
			children = (
				FD5E198E2B03444600B6CEB6 /* Rainbow.app */,
			);
			name = Products;
			sourceTree = "<group>";
		};
		FD5E19902B03444600B6CEB6 /* Rainbow */ = {
			isa = PBXGroup;
			children = (
				FD5E19912B03444600B6CEB6 /* RainbowApp.swift */,
				FD5E19A72B03463800B6CEB6 /* Screens */,
				FD5E19A42B03456600B6CEB6 /* Services */,
				FD5E19A12B03448A00B6CEB6 /* Models */,
				FD5E19AF2B03477700B6CEB6 /* Extensions */,
				FD5E19952B03444600B6CEB6 /* Assets.xcassets */,
				FD5E19972B03444600B6CEB6 /* Preview Content */,
			);
			path = Rainbow;
			sourceTree = "<group>";
		};
		FD5E19972B03444600B6CEB6 /* Preview Content */ = {
			isa = PBXGroup;
			children = (
				FD5E19982B03444600B6CEB6 /* Preview Assets.xcassets */,
			);
			path = "Preview Content";
			sourceTree = "<group>";
		};
		FD5E19A12B03448A00B6CEB6 /* Models */ = {
			isa = PBXGroup;
			children = (
				FD5E199F2B03446600B6CEB6 /* Settings.swift */,
				FD5E19C32B03683700B6CEB6 /* Statistics.swift */,
			);
			path = Models;
			sourceTree = "<group>";
		};
		FD5E19A42B03456600B6CEB6 /* Services */ = {
			isa = PBXGroup;
			children = (
				FD5E19A22B03450B00B6CEB6 /* DataManager.swift */,
			);
			path = Services;
			sourceTree = "<group>";
		};
		FD5E19A72B03463800B6CEB6 /* Screens */ = {
			isa = PBXGroup;
			children = (
				FD5E19B92B0351C800B6CEB6 /* Main */,
				FD5E19AA2B0346A600B6CEB6 /* Settings */,
				FD5E19BF2B03643800B6CEB6 /* Rules */,
				FD5E19C22B0367FB00B6CEB6 /* Statistics */,
				FD5E19CD2B04FBF400B6CEB6 /* Game */,
			);
			path = Screens;
			sourceTree = "<group>";
		};
		FD5E19AA2B0346A600B6CEB6 /* Settings */ = {
			isa = PBXGroup;
			children = (
				FD5E19AB2B0346B700B6CEB6 /* Views */,
				FD5E19AC2B0346C100B6CEB6 /* ViewModels */,
			);
			path = Settings;
			sourceTree = "<group>";
		};
		FD5E19AB2B0346B700B6CEB6 /* Views */ = {
			isa = PBXGroup;
			children = (
				FD5E19B22B03492C00B6CEB6 /* Components */,
				FD5E19A52B0345F900B6CEB6 /* SettingsView.swift */,
			);
			path = Views;
			sourceTree = "<group>";
		};
		FD5E19AC2B0346C100B6CEB6 /* ViewModels */ = {
			isa = PBXGroup;
			children = (
			);
			path = ViewModels;
			sourceTree = "<group>";
		};
		FD5E19AF2B03477700B6CEB6 /* Extensions */ = {
			isa = PBXGroup;
			children = (
				FD5E19AD2B0346E000B6CEB6 /* Extension + Color.swift */,
				FD5E19D22B05202E00B6CEB6 /* Extension + ShapeStyle.swift */,
				FD5E19B32B034DC000B6CEB6 /* Extension + Font.swift */,
				FD5E19C72B036A4300B6CEB6 /* Extension + PreviewProvider.swift */,
			);
			path = Extensions;
			sourceTree = "<group>";
		};
		FD5E19B22B03492C00B6CEB6 /* Components */ = {
			isa = PBXGroup;
			children = (
				FD5E19B02B03481200B6CEB6 /* SettingItem.swift */,
			);
			path = Components;
			sourceTree = "<group>";
		};
		FD5E19B92B0351C800B6CEB6 /* Main */ = {
			isa = PBXGroup;
			children = (
				FD5E19BC2B035F0B00B6CEB6 /* Components */,
				FD5E19B72B0351C400B6CEB6 /* MainScreen.swift */,
				FD5E19C92B03D58B00B6CEB6 /* MainScreenViewModel.swift */,
			);
			path = Main;
			sourceTree = "<group>";
		};
		FD5E19BC2B035F0B00B6CEB6 /* Components */ = {
			isa = PBXGroup;
			children = (
				FD5E19BA2B035B4600B6CEB6 /* MainNavigationButton.swift */,
			);
			path = Components;
			sourceTree = "<group>";
		};
		FD5E19BF2B03643800B6CEB6 /* Rules */ = {
			isa = PBXGroup;
			children = (
				FD5E19BD2B035F3000B6CEB6 /* RulesView.swift */,
			);
			path = Rules;
			sourceTree = "<group>";
		};
		FD5E19C22B0367FB00B6CEB6 /* Statistics */ = {
			isa = PBXGroup;
			children = (
				FD5E19C02B0367F600B6CEB6 /* StatisticsView.swift */,
				FD5E19C52B0369A300B6CEB6 /* StatisticsItem.swift */,
			);
			path = Statistics;
			sourceTree = "<group>";
		};
		FD5E19CD2B04FBF400B6CEB6 /* Game */ = {
			isa = PBXGroup;
			children = (
				FD5E19CB2B04FBEB00B6CEB6 /* GameView.swift */,
				FD5E19D02B050ECA00B6CEB6 /* GameViewModel.swift */,
				FD5E19CE2B04FC0D00B6CEB6 /* QuestionItem.swift */,
			);
			path = Game;
			sourceTree = "<group>";
		};
/* End PBXGroup section */

/* Begin PBXNativeTarget section */
		FD5E198D2B03444600B6CEB6 /* Rainbow */ = {
			isa = PBXNativeTarget;
			buildConfigurationList = FD5E199C2B03444600B6CEB6 /* Build configuration list for PBXNativeTarget "Rainbow" */;
			buildPhases = (
				FD5E198A2B03444600B6CEB6 /* Sources */,
				FD5E198B2B03444600B6CEB6 /* Frameworks */,
				FD5E198C2B03444600B6CEB6 /* Resources */,
			);
			buildRules = (
			);
			dependencies = (
			);
			name = Rainbow;
			productName = Rainbow;
			productReference = FD5E198E2B03444600B6CEB6 /* Rainbow.app */;
			productType = "com.apple.product-type.application";
		};
/* End PBXNativeTarget section */

/* Begin PBXProject section */
		FD5E19862B03444600B6CEB6 /* Project object */ = {
			isa = PBXProject;
			attributes = {
				BuildIndependentTargetsInParallel = 1;
				LastSwiftUpdateCheck = 1430;
				LastUpgradeCheck = 1430;
				TargetAttributes = {
					FD5E198D2B03444600B6CEB6 = {
						CreatedOnToolsVersion = 14.3;
					};
				};
			};
			buildConfigurationList = FD5E19892B03444600B6CEB6 /* Build configuration list for PBXProject "Rainbow" */;
			compatibilityVersion = "Xcode 14.0";
			developmentRegion = en;
			hasScannedForEncodings = 0;
			knownRegions = (
				en,
				Base,
			);
			mainGroup = FD5E19852B03444600B6CEB6;
			productRefGroup = FD5E198F2B03444600B6CEB6 /* Products */;
			projectDirPath = "";
			projectRoot = "";
			targets = (
				FD5E198D2B03444600B6CEB6 /* Rainbow */,
			);
		};
/* End PBXProject section */

/* Begin PBXResourcesBuildPhase section */
		FD5E198C2B03444600B6CEB6 /* Resources */ = {
			isa = PBXResourcesBuildPhase;
			buildActionMask = 2147483647;
			files = (
				FD5E19992B03444600B6CEB6 /* Preview Assets.xcassets in Resources */,
				FD5E19962B03444600B6CEB6 /* Assets.xcassets in Resources */,
			);
			runOnlyForDeploymentPostprocessing = 0;
		};
/* End PBXResourcesBuildPhase section */

/* Begin PBXSourcesBuildPhase section */
		FD5E198A2B03444600B6CEB6 /* Sources */ = {
			isa = PBXSourcesBuildPhase;
			buildActionMask = 2147483647;
			files = (
				FD5E19D12B050ECA00B6CEB6 /* GameViewModel.swift in Sources */,
				FD5E19B42B034DC000B6CEB6 /* Extension + Font.swift in Sources */,
				FD5E19C12B0367F600B6CEB6 /* StatisticsView.swift in Sources */,
				FD5E19B12B03481200B6CEB6 /* SettingItem.swift in Sources */,
				FD5E19A62B0345F900B6CEB6 /* SettingsView.swift in Sources */,
				FD5E19A02B03446600B6CEB6 /* Settings.swift in Sources */,
				FD5E19CC2B04FBEB00B6CEB6 /* GameView.swift in Sources */,
				FD5E19CA2B03D58B00B6CEB6 /* MainScreenViewModel.swift in Sources */,
				FD5E19C42B03683700B6CEB6 /* Statistics.swift in Sources */,
				FD5E19BB2B035B4600B6CEB6 /* MainNavigationButton.swift in Sources */,
				FD5E19BE2B035F3000B6CEB6 /* RulesView.swift in Sources */,
				FD5E19A32B03450B00B6CEB6 /* DataManager.swift in Sources */,
				FD5E19AE2B0346E000B6CEB6 /* Extension + Color.swift in Sources */,
				FD5E19B82B0351C400B6CEB6 /* MainScreen.swift in Sources */,
				FD5E19922B03444600B6CEB6 /* RainbowApp.swift in Sources */,
				FD5E19CF2B04FC0D00B6CEB6 /* QuestionItem.swift in Sources */,
				FD5E19C82B036A4300B6CEB6 /* Extension + PreviewProvider.swift in Sources */,
				FD5E19C62B0369A300B6CEB6 /* StatisticsItem.swift in Sources */,
				FD5E19D32B05202E00B6CEB6 /* Extension + ShapeStyle.swift in Sources */,
			);
			runOnlyForDeploymentPostprocessing = 0;
		};
/* End PBXSourcesBuildPhase section */

/* Begin XCBuildConfiguration section */
		FD5E199A2B03444600B6CEB6 /* Debug */ = {
			isa = XCBuildConfiguration;
			buildSettings = {
				ALWAYS_SEARCH_USER_PATHS = NO;
				CLANG_ANALYZER_NONNULL = YES;
				CLANG_ANALYZER_NUMBER_OBJECT_CONVERSION = YES_AGGRESSIVE;
				CLANG_CXX_LANGUAGE_STANDARD = "gnu++20";
				CLANG_ENABLE_MODULES = YES;
				CLANG_ENABLE_OBJC_ARC = YES;
				CLANG_ENABLE_OBJC_WEAK = YES;
				CLANG_WARN_BLOCK_CAPTURE_AUTORELEASING = YES;
				CLANG_WARN_BOOL_CONVERSION = YES;
				CLANG_WARN_COMMA = YES;
				CLANG_WARN_CONSTANT_CONVERSION = YES;
				CLANG_WARN_DEPRECATED_OBJC_IMPLEMENTATIONS = YES;
				CLANG_WARN_DIRECT_OBJC_ISA_USAGE = YES_ERROR;
				CLANG_WARN_DOCUMENTATION_COMMENTS = YES;
				CLANG_WARN_EMPTY_BODY = YES;
				CLANG_WARN_ENUM_CONVERSION = YES;
				CLANG_WARN_INFINITE_RECURSION = YES;
				CLANG_WARN_INT_CONVERSION = YES;
				CLANG_WARN_NON_LITERAL_NULL_CONVERSION = YES;
				CLANG_WARN_OBJC_IMPLICIT_RETAIN_SELF = YES;
				CLANG_WARN_OBJC_LITERAL_CONVERSION = YES;
				CLANG_WARN_OBJC_ROOT_CLASS = YES_ERROR;
				CLANG_WARN_QUOTED_INCLUDE_IN_FRAMEWORK_HEADER = YES;
				CLANG_WARN_RANGE_LOOP_ANALYSIS = YES;
				CLANG_WARN_STRICT_PROTOTYPES = YES;
				CLANG_WARN_SUSPICIOUS_MOVE = YES;
				CLANG_WARN_UNGUARDED_AVAILABILITY = YES_AGGRESSIVE;
				CLANG_WARN_UNREACHABLE_CODE = YES;
				CLANG_WARN__DUPLICATE_METHOD_MATCH = YES;
				COPY_PHASE_STRIP = NO;
				DEBUG_INFORMATION_FORMAT = dwarf;
				ENABLE_STRICT_OBJC_MSGSEND = YES;
				ENABLE_TESTABILITY = YES;
				GCC_C_LANGUAGE_STANDARD = gnu11;
				GCC_DYNAMIC_NO_PIC = NO;
				GCC_NO_COMMON_BLOCKS = YES;
				GCC_OPTIMIZATION_LEVEL = 0;
				GCC_PREPROCESSOR_DEFINITIONS = (
					"DEBUG=1",
					"$(inherited)",
				);
				GCC_WARN_64_TO_32_BIT_CONVERSION = YES;
				GCC_WARN_ABOUT_RETURN_TYPE = YES_ERROR;
				GCC_WARN_UNDECLARED_SELECTOR = YES;
				GCC_WARN_UNINITIALIZED_AUTOS = YES_AGGRESSIVE;
				GCC_WARN_UNUSED_FUNCTION = YES;
				GCC_WARN_UNUSED_VARIABLE = YES;
				IPHONEOS_DEPLOYMENT_TARGET = 16.4;
				MTL_ENABLE_DEBUG_INFO = INCLUDE_SOURCE;
				MTL_FAST_MATH = YES;
				ONLY_ACTIVE_ARCH = YES;
				SDKROOT = iphoneos;
				SWIFT_ACTIVE_COMPILATION_CONDITIONS = DEBUG;
				SWIFT_OPTIMIZATION_LEVEL = "-Onone";
			};
			name = Debug;
		};
		FD5E199B2B03444600B6CEB6 /* Release */ = {
			isa = XCBuildConfiguration;
			buildSettings = {
				ALWAYS_SEARCH_USER_PATHS = NO;
				CLANG_ANALYZER_NONNULL = YES;
				CLANG_ANALYZER_NUMBER_OBJECT_CONVERSION = YES_AGGRESSIVE;
				CLANG_CXX_LANGUAGE_STANDARD = "gnu++20";
				CLANG_ENABLE_MODULES = YES;
				CLANG_ENABLE_OBJC_ARC = YES;
				CLANG_ENABLE_OBJC_WEAK = YES;
				CLANG_WARN_BLOCK_CAPTURE_AUTORELEASING = YES;
				CLANG_WARN_BOOL_CONVERSION = YES;
				CLANG_WARN_COMMA = YES;
				CLANG_WARN_CONSTANT_CONVERSION = YES;
				CLANG_WARN_DEPRECATED_OBJC_IMPLEMENTATIONS = YES;
				CLANG_WARN_DIRECT_OBJC_ISA_USAGE = YES_ERROR;
				CLANG_WARN_DOCUMENTATION_COMMENTS = YES;
				CLANG_WARN_EMPTY_BODY = YES;
				CLANG_WARN_ENUM_CONVERSION = YES;
				CLANG_WARN_INFINITE_RECURSION = YES;
				CLANG_WARN_INT_CONVERSION = YES;
				CLANG_WARN_NON_LITERAL_NULL_CONVERSION = YES;
				CLANG_WARN_OBJC_IMPLICIT_RETAIN_SELF = YES;
				CLANG_WARN_OBJC_LITERAL_CONVERSION = YES;
				CLANG_WARN_OBJC_ROOT_CLASS = YES_ERROR;
				CLANG_WARN_QUOTED_INCLUDE_IN_FRAMEWORK_HEADER = YES;
				CLANG_WARN_RANGE_LOOP_ANALYSIS = YES;
				CLANG_WARN_STRICT_PROTOTYPES = YES;
				CLANG_WARN_SUSPICIOUS_MOVE = YES;
				CLANG_WARN_UNGUARDED_AVAILABILITY = YES_AGGRESSIVE;
				CLANG_WARN_UNREACHABLE_CODE = YES;
				CLANG_WARN__DUPLICATE_METHOD_MATCH = YES;
				COPY_PHASE_STRIP = NO;
				DEBUG_INFORMATION_FORMAT = "dwarf-with-dsym";
				ENABLE_NS_ASSERTIONS = NO;
				ENABLE_STRICT_OBJC_MSGSEND = YES;
				GCC_C_LANGUAGE_STANDARD = gnu11;
				GCC_NO_COMMON_BLOCKS = YES;
				GCC_WARN_64_TO_32_BIT_CONVERSION = YES;
				GCC_WARN_ABOUT_RETURN_TYPE = YES_ERROR;
				GCC_WARN_UNDECLARED_SELECTOR = YES;
				GCC_WARN_UNINITIALIZED_AUTOS = YES_AGGRESSIVE;
				GCC_WARN_UNUSED_FUNCTION = YES;
				GCC_WARN_UNUSED_VARIABLE = YES;
				IPHONEOS_DEPLOYMENT_TARGET = 16.4;
				MTL_ENABLE_DEBUG_INFO = NO;
				MTL_FAST_MATH = YES;
				SDKROOT = iphoneos;
				SWIFT_COMPILATION_MODE = wholemodule;
				SWIFT_OPTIMIZATION_LEVEL = "-O";
				VALIDATE_PRODUCT = YES;
			};
			name = Release;
		};
		FD5E199D2B03444600B6CEB6 /* Debug */ = {
			isa = XCBuildConfiguration;
			buildSettings = {
				ASSETCATALOG_COMPILER_APPICON_NAME = AppIcon;
				ASSETCATALOG_COMPILER_GLOBAL_ACCENT_COLOR_NAME = AccentColor;
				CODE_SIGN_STYLE = Automatic;
				CURRENT_PROJECT_VERSION = 1;
				DEVELOPMENT_ASSET_PATHS = "\"Rainbow/Preview Content\"";
				DEVELOPMENT_TEAM = BMFF8ZNZAT;
				ENABLE_PREVIEWS = YES;
				GENERATE_INFOPLIST_FILE = YES;
				INFOPLIST_KEY_UIApplicationSceneManifest_Generation = YES;
				INFOPLIST_KEY_UIApplicationSupportsIndirectInputEvents = YES;
				INFOPLIST_KEY_UILaunchScreen_Generation = YES;
				INFOPLIST_KEY_UISupportedInterfaceOrientations_iPad = "UIInterfaceOrientationPortrait UIInterfaceOrientationPortraitUpsideDown UIInterfaceOrientationLandscapeLeft UIInterfaceOrientationLandscapeRight";
				INFOPLIST_KEY_UISupportedInterfaceOrientations_iPhone = "UIInterfaceOrientationPortrait UIInterfaceOrientationLandscapeLeft UIInterfaceOrientationLandscapeRight";
				LD_RUNPATH_SEARCH_PATHS = (
					"$(inherited)",
					"@executable_path/Frameworks",
				);
				MARKETING_VERSION = 1.0;
				PRODUCT_BUNDLE_IDENTIFIER = "Kasharin-M.Rainbow";
				PRODUCT_NAME = "$(TARGET_NAME)";
				SWIFT_EMIT_LOC_STRINGS = YES;
				SWIFT_VERSION = 5.0;
				TARGETED_DEVICE_FAMILY = "1,2";
			};
			name = Debug;
		};
		FD5E199E2B03444600B6CEB6 /* Release */ = {
			isa = XCBuildConfiguration;
			buildSettings = {
				ASSETCATALOG_COMPILER_APPICON_NAME = AppIcon;
				ASSETCATALOG_COMPILER_GLOBAL_ACCENT_COLOR_NAME = AccentColor;
				CODE_SIGN_STYLE = Automatic;
				CURRENT_PROJECT_VERSION = 1;
				DEVELOPMENT_ASSET_PATHS = "\"Rainbow/Preview Content\"";
				DEVELOPMENT_TEAM = BMFF8ZNZAT;
				ENABLE_PREVIEWS = YES;
				GENERATE_INFOPLIST_FILE = YES;
				INFOPLIST_KEY_UIApplicationSceneManifest_Generation = YES;
				INFOPLIST_KEY_UIApplicationSupportsIndirectInputEvents = YES;
				INFOPLIST_KEY_UILaunchScreen_Generation = YES;
				INFOPLIST_KEY_UISupportedInterfaceOrientations_iPad = "UIInterfaceOrientationPortrait UIInterfaceOrientationPortraitUpsideDown UIInterfaceOrientationLandscapeLeft UIInterfaceOrientationLandscapeRight";
				INFOPLIST_KEY_UISupportedInterfaceOrientations_iPhone = "UIInterfaceOrientationPortrait UIInterfaceOrientationLandscapeLeft UIInterfaceOrientationLandscapeRight";
				LD_RUNPATH_SEARCH_PATHS = (
					"$(inherited)",
					"@executable_path/Frameworks",
				);
				MARKETING_VERSION = 1.0;
				PRODUCT_BUNDLE_IDENTIFIER = "Kasharin-M.Rainbow";
				PRODUCT_NAME = "$(TARGET_NAME)";
				SWIFT_EMIT_LOC_STRINGS = YES;
				SWIFT_VERSION = 5.0;
				TARGETED_DEVICE_FAMILY = "1,2";
			};
			name = Release;
		};
/* End XCBuildConfiguration section */

/* Begin XCConfigurationList section */
		FD5E19892B03444600B6CEB6 /* Build configuration list for PBXProject "Rainbow" */ = {
			isa = XCConfigurationList;
			buildConfigurations = (
				FD5E199A2B03444600B6CEB6 /* Debug */,
				FD5E199B2B03444600B6CEB6 /* Release */,
			);
			defaultConfigurationIsVisible = 0;
			defaultConfigurationName = Release;
		};
		FD5E199C2B03444600B6CEB6 /* Build configuration list for PBXNativeTarget "Rainbow" */ = {
			isa = XCConfigurationList;
			buildConfigurations = (
				FD5E199D2B03444600B6CEB6 /* Debug */,
				FD5E199E2B03444600B6CEB6 /* Release */,
			);
			defaultConfigurationIsVisible = 0;
			defaultConfigurationName = Release;
		};
/* End XCConfigurationList section */
	};
	rootObject = FD5E19862B03444600B6CEB6 /* Project object */;
}
